// !$*UTF8*$!
{
	archiveVersion = 1;
	classes = {
	};
	objectVersion = 46;
	objects = {

/* Begin PBXBuildFile section */
		47C1D4940A08BF833EE68B09 /* Pods_JSWebp_Example.framework in Frameworks */ = {isa = PBXBuildFile; fileRef = DDFD1E10F2B7DA99E0DF25C9 /* Pods_JSWebp_Example.framework */; };
		607FACD61AFB9204008FA782 /* AppDelegate.swift in Sources */ = {isa = PBXBuildFile; fileRef = 607FACD51AFB9204008FA782 /* AppDelegate.swift */; };
		607FACD81AFB9204008FA782 /* ViewController.swift in Sources */ = {isa = PBXBuildFile; fileRef = 607FACD71AFB9204008FA782 /* ViewController.swift */; };
		607FACDB1AFB9204008FA782 /* Main.storyboard in Resources */ = {isa = PBXBuildFile; fileRef = 607FACD91AFB9204008FA782 /* Main.storyboard */; };
		607FACDD1AFB9204008FA782 /* Images.xcassets in Resources */ = {isa = PBXBuildFile; fileRef = 607FACDC1AFB9204008FA782 /* Images.xcassets */; };
		607FACE01AFB9204008FA782 /* LaunchScreen.xib in Resources */ = {isa = PBXBuildFile; fileRef = 607FACDE1AFB9204008FA782 /* LaunchScreen.xib */; };
		607FACEC1AFB9204008FA782 /* Tests.swift in Sources */ = {isa = PBXBuildFile; fileRef = 607FACEB1AFB9204008FA782 /* Tests.swift */; };
		6C8947752671EE2D00FFBEED /* JSWebpCell.swift in Sources */ = {isa = PBXBuildFile; fileRef = 6C8947742671EE2D00FFBEED /* JSWebpCell.swift */; };
		6C8947792671EF1A00FFBEED /* UIColor+Ex.swift in Sources */ = {isa = PBXBuildFile; fileRef = 6C8947782671EF1A00FFBEED /* UIColor+Ex.swift */; };
		6C8947B126723E1200FFBEED /* JSWebpImage.m in Sources */ = {isa = PBXBuildFile; fileRef = 6C8947B026723E1200FFBEED /* JSWebpImage.m */; };
		6C8947B52672FBC600FFBEED /* JSWebpQueueManager.swift in Sources */ = {isa = PBXBuildFile; fileRef = 6C8947B42672FBC600FFBEED /* JSWebpQueueManager.swift */; };
		6C8947BB2673046C00FFBEED /* JSWebpImageOperation.swift in Sources */ = {isa = PBXBuildFile; fileRef = 6C8947BA2673046C00FFBEED /* JSWebpImageOperation.swift */; };
		6C8947BF26730AC000FFBEED /* JSWebpImageView.swift in Sources */ = {isa = PBXBuildFile; fileRef = 6C8947BE26730AC000FFBEED /* JSWebpImageView.swift */; };
		6C8947C426733F4A00FFBEED /* JSWebpCombineOperation.swift in Sources */ = {isa = PBXBuildFile; fileRef = 6C8947C326733F4A00FFBEED /* JSWebpCombineOperation.swift */; };
		6C8947CA26733FA600FFBEED /* JSWebpDownloadOperation.swift in Sources */ = {isa = PBXBuildFile; fileRef = 6C8947C926733FA600FFBEED /* JSWebpDownloadOperation.swift */; };
		6C8947CE26733FD400FFBEED /* JSWebpCacheManager.swift in Sources */ = {isa = PBXBuildFile; fileRef = 6C8947CD26733FD400FFBEED /* JSWebpCacheManager.swift */; };
		6C8947D426734B5300FFBEED /* String+Ex.swift in Sources */ = {isa = PBXBuildFile; fileRef = 6C8947D326734B5300FFBEED /* String+Ex.swift */; };
		6C8947DA267351CD00FFBEED /* JSWebpDownloader.swift in Sources */ = {isa = PBXBuildFile; fileRef = 6C8947D9267351CD00FFBEED /* JSWebpDownloader.swift */; };
		6C8947DE26735EBD00FFBEED /* UIImageView+Ex.swift in Sources */ = {isa = PBXBuildFile; fileRef = 6C8947DD26735EBD00FFBEED /* UIImageView+Ex.swift */; };
		B6AAE3F4B279A73176749FB9 /* Pods_JSWebp_Tests.framework in Frameworks */ = {isa = PBXBuildFile; fileRef = 344502C368A7EA7D5D11559E /* Pods_JSWebp_Tests.framework */; };
/* End PBXBuildFile section */

/* Begin PBXContainerItemProxy section */
		607FACE61AFB9204008FA782 /* PBXContainerItemProxy */ = {
			isa = PBXContainerItemProxy;
			containerPortal = 607FACC81AFB9204008FA782 /* Project object */;
			proxyType = 1;
			remoteGlobalIDString = 607FACCF1AFB9204008FA782;
			remoteInfo = JSWebp;
		};
/* End PBXContainerItemProxy section */

/* Begin PBXFileReference section */
		0E2775160946DD51DBE08A86 /* Pods-JSWebp_Example.debug.xcconfig */ = {isa = PBXFileReference; includeInIndex = 1; lastKnownFileType = text.xcconfig; name = "Pods-JSWebp_Example.debug.xcconfig"; path = "Target Support Files/Pods-JSWebp_Example/Pods-JSWebp_Example.debug.xcconfig"; sourceTree = "<group>"; };
		1DDF4C4893ED7F8620B0547F /* Pods-JSWebp_Example.release.xcconfig */ = {isa = PBXFileReference; includeInIndex = 1; lastKnownFileType = text.xcconfig; name = "Pods-JSWebp_Example.release.xcconfig"; path = "Target Support Files/Pods-JSWebp_Example/Pods-JSWebp_Example.release.xcconfig"; sourceTree = "<group>"; };
		344502C368A7EA7D5D11559E /* Pods_JSWebp_Tests.framework */ = {isa = PBXFileReference; explicitFileType = wrapper.framework; includeInIndex = 0; path = Pods_JSWebp_Tests.framework; sourceTree = BUILT_PRODUCTS_DIR; };
		607FACD01AFB9204008FA782 /* JSWebp_Example.app */ = {isa = PBXFileReference; explicitFileType = wrapper.application; includeInIndex = 0; path = JSWebp_Example.app; sourceTree = BUILT_PRODUCTS_DIR; };
		607FACD41AFB9204008FA782 /* Info.plist */ = {isa = PBXFileReference; lastKnownFileType = text.plist.xml; path = Info.plist; sourceTree = "<group>"; };
		607FACD51AFB9204008FA782 /* AppDelegate.swift */ = {isa = PBXFileReference; lastKnownFileType = sourcecode.swift; path = AppDelegate.swift; sourceTree = "<group>"; };
		607FACD71AFB9204008FA782 /* ViewController.swift */ = {isa = PBXFileReference; lastKnownFileType = sourcecode.swift; path = ViewController.swift; sourceTree = "<group>"; };
		607FACDA1AFB9204008FA782 /* Base */ = {isa = PBXFileReference; lastKnownFileType = file.storyboard; name = Base; path = Base.lproj/Main.storyboard; sourceTree = "<group>"; };
		607FACDC1AFB9204008FA782 /* Images.xcassets */ = {isa = PBXFileReference; lastKnownFileType = folder.assetcatalog; path = Images.xcassets; sourceTree = "<group>"; };
		607FACDF1AFB9204008FA782 /* Base */ = {isa = PBXFileReference; lastKnownFileType = file.xib; name = Base; path = Base.lproj/LaunchScreen.xib; sourceTree = "<group>"; };
		607FACE51AFB9204008FA782 /* JSWebp_Tests.xctest */ = {isa = PBXFileReference; explicitFileType = wrapper.cfbundle; includeInIndex = 0; path = JSWebp_Tests.xctest; sourceTree = BUILT_PRODUCTS_DIR; };
		607FACEA1AFB9204008FA782 /* Info.plist */ = {isa = PBXFileReference; lastKnownFileType = text.plist.xml; path = Info.plist; sourceTree = "<group>"; };
		607FACEB1AFB9204008FA782 /* Tests.swift */ = {isa = PBXFileReference; lastKnownFileType = sourcecode.swift; path = Tests.swift; sourceTree = "<group>"; };
		6C8947742671EE2D00FFBEED /* JSWebpCell.swift */ = {isa = PBXFileReference; lastKnownFileType = sourcecode.swift; path = JSWebpCell.swift; sourceTree = "<group>"; };
		6C8947782671EF1A00FFBEED /* UIColor+Ex.swift */ = {isa = PBXFileReference; lastKnownFileType = sourcecode.swift; path = "UIColor+Ex.swift"; sourceTree = "<group>"; };
		6C89478B267205EA00FFBEED /* JSWebp+Bridge+Header.h */ = {isa = PBXFileReference; lastKnownFileType = sourcecode.c.h; path = "JSWebp+Bridge+Header.h"; sourceTree = "<group>"; };
		6C8947AF26723E1200FFBEED /* JSWebpImage.h */ = {isa = PBXFileReference; lastKnownFileType = sourcecode.c.h; path = JSWebpImage.h; sourceTree = "<group>"; };
		6C8947B026723E1200FFBEED /* JSWebpImage.m */ = {isa = PBXFileReference; lastKnownFileType = sourcecode.c.objc; path = JSWebpImage.m; sourceTree = "<group>"; };
		6C8947B42672FBC600FFBEED /* JSWebpQueueManager.swift */ = {isa = PBXFileReference; lastKnownFileType = sourcecode.swift; path = JSWebpQueueManager.swift; sourceTree = "<group>"; };
		6C8947BA2673046C00FFBEED /* JSWebpImageOperation.swift */ = {isa = PBXFileReference; lastKnownFileType = sourcecode.swift; path = JSWebpImageOperation.swift; sourceTree = "<group>"; };
		6C8947BE26730AC000FFBEED /* JSWebpImageView.swift */ = {isa = PBXFileReference; lastKnownFileType = sourcecode.swift; path = JSWebpImageView.swift; sourceTree = "<group>"; };
		6C8947C326733F4A00FFBEED /* JSWebpCombineOperation.swift */ = {isa = PBXFileReference; lastKnownFileType = sourcecode.swift; path = JSWebpCombineOperation.swift; sourceTree = "<group>"; };
		6C8947C926733FA600FFBEED /* JSWebpDownloadOperation.swift */ = {isa = PBXFileReference; lastKnownFileType = sourcecode.swift; path = JSWebpDownloadOperation.swift; sourceTree = "<group>"; };
		6C8947CD26733FD400FFBEED /* JSWebpCacheManager.swift */ = {isa = PBXFileReference; lastKnownFileType = sourcecode.swift; path = JSWebpCacheManager.swift; sourceTree = "<group>"; };
		6C8947D326734B5300FFBEED /* String+Ex.swift */ = {isa = PBXFileReference; lastKnownFileType = sourcecode.swift; path = "String+Ex.swift"; sourceTree = "<group>"; };
		6C8947D9267351CD00FFBEED /* JSWebpDownloader.swift */ = {isa = PBXFileReference; lastKnownFileType = sourcecode.swift; path = JSWebpDownloader.swift; sourceTree = "<group>"; };
		6C8947DD26735EBD00FFBEED /* UIImageView+Ex.swift */ = {isa = PBXFileReference; lastKnownFileType = sourcecode.swift; path = "UIImageView+Ex.swift"; sourceTree = "<group>"; };
		7F349F4DC28E9D5CC1C53C0C /* README.md */ = {isa = PBXFileReference; includeInIndex = 1; lastKnownFileType = net.daringfireball.markdown; name = README.md; path = ../README.md; sourceTree = "<group>"; };
		8B93DFFBCCB3A56B0551AFBD /* Pods-JSWebp_Tests.release.xcconfig */ = {isa = PBXFileReference; includeInIndex = 1; lastKnownFileType = text.xcconfig; name = "Pods-JSWebp_Tests.release.xcconfig"; path = "Target Support Files/Pods-JSWebp_Tests/Pods-JSWebp_Tests.release.xcconfig"; sourceTree = "<group>"; };
		B8A2C67CFFC38F288010815A /* Pods-JSWebp_Tests.debug.xcconfig */ = {isa = PBXFileReference; includeInIndex = 1; lastKnownFileType = text.xcconfig; name = "Pods-JSWebp_Tests.debug.xcconfig"; path = "Target Support Files/Pods-JSWebp_Tests/Pods-JSWebp_Tests.debug.xcconfig"; sourceTree = "<group>"; };
		C1BC3A6C9A00992490577BE2 /* JSWebp.podspec */ = {isa = PBXFileReference; includeInIndex = 1; lastKnownFileType = text; name = JSWebp.podspec; path = ../JSWebp.podspec; sourceTree = "<group>"; };
		DDFD1E10F2B7DA99E0DF25C9 /* Pods_JSWebp_Example.framework */ = {isa = PBXFileReference; explicitFileType = wrapper.framework; includeInIndex = 0; path = Pods_JSWebp_Example.framework; sourceTree = BUILT_PRODUCTS_DIR; };
		F473781749B0348D776659C4 /* LICENSE */ = {isa = PBXFileReference; includeInIndex = 1; lastKnownFileType = text; name = LICENSE; path = ../LICENSE; sourceTree = "<group>"; };
/* End PBXFileReference section */

/* Begin PBXFrameworksBuildPhase section */
		607FACCD1AFB9204008FA782 /* Frameworks */ = {
			isa = PBXFrameworksBuildPhase;
			buildActionMask = 2147483647;
			files = (
				47C1D4940A08BF833EE68B09 /* Pods_JSWebp_Example.framework in Frameworks */,
			);
			runOnlyForDeploymentPostprocessing = 0;
		};
		607FACE21AFB9204008FA782 /* Frameworks */ = {
			isa = PBXFrameworksBuildPhase;
			buildActionMask = 2147483647;
			files = (
				B6AAE3F4B279A73176749FB9 /* Pods_JSWebp_Tests.framework in Frameworks */,
			);
			runOnlyForDeploymentPostprocessing = 0;
		};
/* End PBXFrameworksBuildPhase section */

/* Begin PBXGroup section */
		19B228BB427F4DCEF91C0B42 /* Pods */ = {
			isa = PBXGroup;
			children = (
				0E2775160946DD51DBE08A86 /* Pods-JSWebp_Example.debug.xcconfig */,
				1DDF4C4893ED7F8620B0547F /* Pods-JSWebp_Example.release.xcconfig */,
				B8A2C67CFFC38F288010815A /* Pods-JSWebp_Tests.debug.xcconfig */,
				8B93DFFBCCB3A56B0551AFBD /* Pods-JSWebp_Tests.release.xcconfig */,
			);
			path = Pods;
			sourceTree = "<group>";
		};
		607FACC71AFB9204008FA782 = {
			isa = PBXGroup;
			children = (
				607FACF51AFB993E008FA782 /* Podspec Metadata */,
				607FACD21AFB9204008FA782 /* Example for JSWebp */,
				607FACE81AFB9204008FA782 /* Tests */,
				607FACD11AFB9204008FA782 /* Products */,
				19B228BB427F4DCEF91C0B42 /* Pods */,
				C3007C7FC25162C330761C7C /* Frameworks */,
			);
			sourceTree = "<group>";
		};
		607FACD11AFB9204008FA782 /* Products */ = {
			isa = PBXGroup;
			children = (
				607FACD01AFB9204008FA782 /* JSWebp_Example.app */,
				607FACE51AFB9204008FA782 /* JSWebp_Tests.xctest */,
			);
			name = Products;
			sourceTree = "<group>";
		};
		607FACD21AFB9204008FA782 /* Example for JSWebp */ = {
			isa = PBXGroup;
			children = (
				6C8947AA26723DFF00FFBEED /* JSWebp */,
				607FACD51AFB9204008FA782 /* AppDelegate.swift */,
				607FACD71AFB9204008FA782 /* ViewController.swift */,
				6C8947742671EE2D00FFBEED /* JSWebpCell.swift */,
				6C89478B267205EA00FFBEED /* JSWebp+Bridge+Header.h */,
				607FACD91AFB9204008FA782 /* Main.storyboard */,
				607FACDC1AFB9204008FA782 /* Images.xcassets */,
				607FACDE1AFB9204008FA782 /* LaunchScreen.xib */,
				607FACD31AFB9204008FA782 /* Supporting Files */,
				6C8947782671EF1A00FFBEED /* UIColor+Ex.swift */,
			);
			name = "Example for JSWebp";
			path = JSWebp;
			sourceTree = "<group>";
		};
		607FACD31AFB9204008FA782 /* Supporting Files */ = {
			isa = PBXGroup;
			children = (
				607FACD41AFB9204008FA782 /* Info.plist */,
			);
			name = "Supporting Files";
			sourceTree = "<group>";
		};
		607FACE81AFB9204008FA782 /* Tests */ = {
			isa = PBXGroup;
			children = (
				607FACEB1AFB9204008FA782 /* Tests.swift */,
				607FACE91AFB9204008FA782 /* Supporting Files */,
			);
			path = Tests;
			sourceTree = "<group>";
		};
		607FACE91AFB9204008FA782 /* Supporting Files */ = {
			isa = PBXGroup;
			children = (
				607FACEA1AFB9204008FA782 /* Info.plist */,
			);
			name = "Supporting Files";
			sourceTree = "<group>";
		};
		607FACF51AFB993E008FA782 /* Podspec Metadata */ = {
			isa = PBXGroup;
			children = (
				C1BC3A6C9A00992490577BE2 /* JSWebp.podspec */,
				7F349F4DC28E9D5CC1C53C0C /* README.md */,
				F473781749B0348D776659C4 /* LICENSE */,
			);
			name = "Podspec Metadata";
			sourceTree = "<group>";
		};
		6C8947AA26723DFF00FFBEED /* JSWebp */ = {
			isa = PBXGroup;
			children = (
				6C8947D126734B4100FFBEED /* Extension */,
				6C8947C226733E5200FFBEED /* JSWebpCache */,
				6C8947AF26723E1200FFBEED /* JSWebpImage.h */,
				6C8947B026723E1200FFBEED /* JSWebpImage.m */,
				6C8947B42672FBC600FFBEED /* JSWebpQueueManager.swift */,
				6C8947BA2673046C00FFBEED /* JSWebpImageOperation.swift */,
				6C8947BE26730AC000FFBEED /* JSWebpImageView.swift */,
			);
			path = JSWebp;
			sourceTree = "<group>";
		};
		6C8947C226733E5200FFBEED /* JSWebpCache */ = {
			isa = PBXGroup;
			children = (
				6C8947C326733F4A00FFBEED /* JSWebpCombineOperation.swift */,
				6C8947C926733FA600FFBEED /* JSWebpDownloadOperation.swift */,
				6C8947CD26733FD400FFBEED /* JSWebpCacheManager.swift */,
				6C8947D9267351CD00FFBEED /* JSWebpDownloader.swift */,
			);
			path = JSWebpCache;
			sourceTree = "<group>";
		};
		6C8947D126734B4100FFBEED /* Extension */ = {
			isa = PBXGroup;
			children = (
				6C8947D326734B5300FFBEED /* String+Ex.swift */,
				6C8947DD26735EBD00FFBEED /* UIImageView+Ex.swift */,
			);
			path = Extension;
			sourceTree = "<group>";
		};
		C3007C7FC25162C330761C7C /* Frameworks */ = {
			isa = PBXGroup;
			children = (
				DDFD1E10F2B7DA99E0DF25C9 /* Pods_JSWebp_Example.framework */,
				344502C368A7EA7D5D11559E /* Pods_JSWebp_Tests.framework */,
			);
			name = Frameworks;
			sourceTree = "<group>";
		};
/* End PBXGroup section */

/* Begin PBXNativeTarget section */
		607FACCF1AFB9204008FA782 /* JSWebp_Example */ = {
			isa = PBXNativeTarget;
			buildConfigurationList = 607FACEF1AFB9204008FA782 /* Build configuration list for PBXNativeTarget "JSWebp_Example" */;
			buildPhases = (
				E92A1303AA48E3DFCD346C37 /* [CP] Check Pods Manifest.lock */,
				607FACCC1AFB9204008FA782 /* Sources */,
				607FACCD1AFB9204008FA782 /* Frameworks */,
				607FACCE1AFB9204008FA782 /* Resources */,
				E98FB332584822CD2C96D91E /* [CP] Embed Pods Frameworks */,
			);
			buildRules = (
			);
			dependencies = (
			);
			name = JSWebp_Example;
			productName = JSWebp;
			productReference = 607FACD01AFB9204008FA782 /* JSWebp_Example.app */;
			productType = "com.apple.product-type.application";
		};
		607FACE41AFB9204008FA782 /* JSWebp_Tests */ = {
			isa = PBXNativeTarget;
			buildConfigurationList = 607FACF21AFB9204008FA782 /* Build configuration list for PBXNativeTarget "JSWebp_Tests" */;
			buildPhases = (
				9A84A4ACBFEC63824AD71BCE /* [CP] Check Pods Manifest.lock */,
				607FACE11AFB9204008FA782 /* Sources */,
				607FACE21AFB9204008FA782 /* Frameworks */,
				607FACE31AFB9204008FA782 /* Resources */,
			);
			buildRules = (
			);
			dependencies = (
				607FACE71AFB9204008FA782 /* PBXTargetDependency */,
			);
			name = JSWebp_Tests;
			productName = Tests;
			productReference = 607FACE51AFB9204008FA782 /* JSWebp_Tests.xctest */;
			productType = "com.apple.product-type.bundle.unit-test";
		};
/* End PBXNativeTarget section */

/* Begin PBXProject section */
		607FACC81AFB9204008FA782 /* Project object */ = {
			isa = PBXProject;
			attributes = {
				LastSwiftUpdateCheck = 0830;
				LastUpgradeCheck = 1230;
				ORGANIZATIONNAME = CocoaPods;
				TargetAttributes = {
					607FACCF1AFB9204008FA782 = {
						CreatedOnToolsVersion = 6.3.1;
						DevelopmentTeam = SJM6GRJ299;
						LastSwiftMigration = 0900;
					};
					607FACE41AFB9204008FA782 = {
						CreatedOnToolsVersion = 6.3.1;
						LastSwiftMigration = 0900;
						TestTargetID = 607FACCF1AFB9204008FA782;
					};
				};
			};
			buildConfigurationList = 607FACCB1AFB9204008FA782 /* Build configuration list for PBXProject "JSWebp" */;
			compatibilityVersion = "Xcode 3.2";
			developmentRegion = English;
			hasScannedForEncodings = 0;
			knownRegions = (
				English,
				en,
				Base,
			);
			mainGroup = 607FACC71AFB9204008FA782;
			productRefGroup = 607FACD11AFB9204008FA782 /* Products */;
			projectDirPath = "";
			projectRoot = "";
			targets = (
				607FACCF1AFB9204008FA782 /* JSWebp_Example */,
				607FACE41AFB9204008FA782 /* JSWebp_Tests */,
			);
		};
/* End PBXProject section */

/* Begin PBXResourcesBuildPhase section */
		607FACCE1AFB9204008FA782 /* Resources */ = {
			isa = PBXResourcesBuildPhase;
			buildActionMask = 2147483647;
			files = (
				607FACDB1AFB9204008FA782 /* Main.storyboard in Resources */,
				607FACE01AFB9204008FA782 /* LaunchScreen.xib in Resources */,
				607FACDD1AFB9204008FA782 /* Images.xcassets in Resources */,
			);
			runOnlyForDeploymentPostprocessing = 0;
		};
		607FACE31AFB9204008FA782 /* Resources */ = {
			isa = PBXResourcesBuildPhase;
			buildActionMask = 2147483647;
			files = (
			);
			runOnlyForDeploymentPostprocessing = 0;
		};
/* End PBXResourcesBuildPhase section */

/* Begin PBXShellScriptBuildPhase section */
		9A84A4ACBFEC63824AD71BCE /* [CP] Check Pods Manifest.lock */ = {
			isa = PBXShellScriptBuildPhase;
			buildActionMask = 2147483647;
			files = (
			);
			inputFileListPaths = (
			);
			inputPaths = (
				"${PODS_PODFILE_DIR_PATH}/Podfile.lock",
				"${PODS_ROOT}/Manifest.lock",
			);
			name = "[CP] Check Pods Manifest.lock";
			outputFileListPaths = (
			);
			outputPaths = (
				"$(DERIVED_FILE_DIR)/Pods-JSWebp_Tests-checkManifestLockResult.txt",
			);
			runOnlyForDeploymentPostprocessing = 0;
			shellPath = /bin/sh;
			shellScript = "diff \"${PODS_PODFILE_DIR_PATH}/Podfile.lock\" \"${PODS_ROOT}/Manifest.lock\" > /dev/null\nif [ $? != 0 ] ; then\n    # print error to STDERR\n    echo \"error: The sandbox is not in sync with the Podfile.lock. Run 'pod install' or update your CocoaPods installation.\" >&2\n    exit 1\nfi\n# This output is used by Xcode 'outputs' to avoid re-running this script phase.\necho \"SUCCESS\" > \"${SCRIPT_OUTPUT_FILE_0}\"\n";
			showEnvVarsInLog = 0;
		};
		E92A1303AA48E3DFCD346C37 /* [CP] Check Pods Manifest.lock */ = {
			isa = PBXShellScriptBuildPhase;
			buildActionMask = 2147483647;
			files = (
			);
			inputFileListPaths = (
			);
			inputPaths = (
				"${PODS_PODFILE_DIR_PATH}/Podfile.lock",
				"${PODS_ROOT}/Manifest.lock",
			);
			name = "[CP] Check Pods Manifest.lock";
			outputFileListPaths = (
			);
			outputPaths = (
				"$(DERIVED_FILE_DIR)/Pods-JSWebp_Example-checkManifestLockResult.txt",
			);
			runOnlyForDeploymentPostprocessing = 0;
			shellPath = /bin/sh;
			shellScript = "diff \"${PODS_PODFILE_DIR_PATH}/Podfile.lock\" \"${PODS_ROOT}/Manifest.lock\" > /dev/null\nif [ $? != 0 ] ; then\n    # print error to STDERR\n    echo \"error: The sandbox is not in sync with the Podfile.lock. Run 'pod install' or update your CocoaPods installation.\" >&2\n    exit 1\nfi\n# This output is used by Xcode 'outputs' to avoid re-running this script phase.\necho \"SUCCESS\" > \"${SCRIPT_OUTPUT_FILE_0}\"\n";
			showEnvVarsInLog = 0;
		};
		E98FB332584822CD2C96D91E /* [CP] Embed Pods Frameworks */ = {
			isa = PBXShellScriptBuildPhase;
			buildActionMask = 2147483647;
			files = (
			);
			inputPaths = (
				"${PODS_ROOT}/Target Support Files/Pods-JSWebp_Example/Pods-JSWebp_Example-frameworks.sh",
				"${BUILT_PRODUCTS_DIR}/JSWebp/JSWebp.framework",
				"${BUILT_PRODUCTS_DIR}/libwebp/libwebp.framework",
			);
			name = "[CP] Embed Pods Frameworks";
			outputPaths = (
				"${TARGET_BUILD_DIR}/${FRAMEWORKS_FOLDER_PATH}/JSWebp.framework",
				"${TARGET_BUILD_DIR}/${FRAMEWORKS_FOLDER_PATH}/libwebp.framework",
			);
			runOnlyForDeploymentPostprocessing = 0;
			shellPath = /bin/sh;
			shellScript = "\"${PODS_ROOT}/Target Support Files/Pods-JSWebp_Example/Pods-JSWebp_Example-frameworks.sh\"\n";
			showEnvVarsInLog = 0;
		};
/* End PBXShellScriptBuildPhase section */

/* Begin PBXSourcesBuildPhase section */
		607FACCC1AFB9204008FA782 /* Sources */ = {
			isa = PBXSourcesBuildPhase;
			buildActionMask = 2147483647;
			files = (
				6C8947792671EF1A00FFBEED /* UIColor+Ex.swift in Sources */,
				6C8947BF26730AC000FFBEED /* JSWebpImageView.swift in Sources */,
				6C8947CE26733FD400FFBEED /* JSWebpCacheManager.swift in Sources */,
				6C8947CA26733FA600FFBEED /* JSWebpDownloadOperation.swift in Sources */,
				6C8947B52672FBC600FFBEED /* JSWebpQueueManager.swift in Sources */,
				6C8947DA267351CD00FFBEED /* JSWebpDownloader.swift in Sources */,
				6C8947B126723E1200FFBEED /* JSWebpImage.m in Sources */,
				6C8947752671EE2D00FFBEED /* JSWebpCell.swift in Sources */,
				607FACD81AFB9204008FA782 /* ViewController.swift in Sources */,
				6C8947C426733F4A00FFBEED /* JSWebpCombineOperation.swift in Sources */,
				6C8947D426734B5300FFBEED /* String+Ex.swift in Sources */,
				6C8947BB2673046C00FFBEED /* JSWebpImageOperation.swift in Sources */,
				607FACD61AFB9204008FA782 /* AppDelegate.swift in Sources */,
				6C8947DE26735EBD00FFBEED /* UIImageView+Ex.swift in Sources */,
			);
			runOnlyForDeploymentPostprocessing = 0;
		};
		607FACE11AFB9204008FA782 /* Sources */ = {
			isa = PBXSourcesBuildPhase;
			buildActionMask = 2147483647;
			files = (
				607FACEC1AFB9204008FA782 /* Tests.swift in Sources */,
			);
			runOnlyForDeploymentPostprocessing = 0;
		};
/* End PBXSourcesBuildPhase section */

/* Begin PBXTargetDependency section */
		607FACE71AFB9204008FA782 /* PBXTargetDependency */ = {
			isa = PBXTargetDependency;
			target = 607FACCF1AFB9204008FA782 /* JSWebp_Example */;
			targetProxy = 607FACE61AFB9204008FA782 /* PBXContainerItemProxy */;
		};
/* End PBXTargetDependency section */

/* Begin PBXVariantGroup section */
		607FACD91AFB9204008FA782 /* Main.storyboard */ = {
			isa = PBXVariantGroup;
			children = (
				607FACDA1AFB9204008FA782 /* Base */,
			);
			name = Main.storyboard;
			sourceTree = "<group>";
		};
		607FACDE1AFB9204008FA782 /* LaunchScreen.xib */ = {
			isa = PBXVariantGroup;
			children = (
				607FACDF1AFB9204008FA782 /* Base */,
			);
			name = LaunchScreen.xib;
			sourceTree = "<group>";
		};
/* End PBXVariantGroup section */

/* Begin XCBuildConfiguration section */
		607FACED1AFB9204008FA782 /* Debug */ = {
			isa = XCBuildConfiguration;
			buildSettings = {
				ALWAYS_SEARCH_USER_PATHS = NO;
				CLANG_ANALYZER_LOCALIZABILITY_NONLOCALIZED = YES;
				CLANG_CXX_LANGUAGE_STANDARD = "gnu++0x";
				CLANG_CXX_LIBRARY = "libc++";
				CLANG_ENABLE_MODULES = YES;
				CLANG_ENABLE_OBJC_ARC = YES;
				CLANG_WARN_BLOCK_CAPTURE_AUTORELEASING = YES;
				CLANG_WARN_BOOL_CONVERSION = YES;
				CLANG_WARN_COMMA = YES;
				CLANG_WARN_CONSTANT_CONVERSION = YES;
				CLANG_WARN_DEPRECATED_OBJC_IMPLEMENTATIONS = YES;
				CLANG_WARN_DIRECT_OBJC_ISA_USAGE = YES_ERROR;
				CLANG_WARN_EMPTY_BODY = YES;
				CLANG_WARN_ENUM_CONVERSION = YES;
				CLANG_WARN_INFINITE_RECURSION = YES;
				CLANG_WARN_INT_CONVERSION = YES;
				CLANG_WARN_NON_LITERAL_NULL_CONVERSION = YES;
				CLANG_WARN_OBJC_IMPLICIT_RETAIN_SELF = YES;
				CLANG_WARN_OBJC_LITERAL_CONVERSION = YES;
				CLANG_WARN_OBJC_ROOT_CLASS = YES_ERROR;
				CLANG_WARN_QUOTED_INCLUDE_IN_FRAMEWORK_HEADER = YES;
				CLANG_WARN_RANGE_LOOP_ANALYSIS = YES;
				CLANG_WARN_STRICT_PROTOTYPES = YES;
				CLANG_WARN_SUSPICIOUS_MOVE = YES;
				CLANG_WARN_UNREACHABLE_CODE = YES;
				CLANG_WARN__DUPLICATE_METHOD_MATCH = YES;
				"CODE_SIGN_IDENTITY[sdk=iphoneos*]" = "iPhone Developer";
				COPY_PHASE_STRIP = NO;
				DEBUG_INFORMATION_FORMAT = "dwarf-with-dsym";
				ENABLE_STRICT_OBJC_MSGSEND = YES;
				ENABLE_TESTABILITY = YES;
				GCC_C_LANGUAGE_STANDARD = gnu99;
				GCC_DYNAMIC_NO_PIC = NO;
				GCC_NO_COMMON_BLOCKS = YES;
				GCC_OPTIMIZATION_LEVEL = 0;
				GCC_PREPROCESSOR_DEFINITIONS = (
					"DEBUG=1",
					"$(inherited)",
				);
				GCC_SYMBOLS_PRIVATE_EXTERN = NO;
				GCC_WARN_64_TO_32_BIT_CONVERSION = YES;
				GCC_WARN_ABOUT_RETURN_TYPE = YES_ERROR;
				GCC_WARN_UNDECLARED_SELECTOR = YES;
				GCC_WARN_UNINITIALIZED_AUTOS = YES_AGGRESSIVE;
				GCC_WARN_UNUSED_FUNCTION = YES;
				GCC_WARN_UNUSED_VARIABLE = YES;
				IPHONEOS_DEPLOYMENT_TARGET = 12.0;
				MTL_ENABLE_DEBUG_INFO = YES;
				ONLY_ACTIVE_ARCH = YES;
				SDKROOT = iphoneos;
				SWIFT_OPTIMIZATION_LEVEL = "-Onone";
			};
			name = Debug;
		};
		607FACEE1AFB9204008FA782 /* Release */ = {
			isa = XCBuildConfiguration;
			buildSettings = {
				ALWAYS_SEARCH_USER_PATHS = NO;
				CLANG_ANALYZER_LOCALIZABILITY_NONLOCALIZED = YES;
				CLANG_CXX_LANGUAGE_STANDARD = "gnu++0x";
				CLANG_CXX_LIBRARY = "libc++";
				CLANG_ENABLE_MODULES = YES;
				CLANG_ENABLE_OBJC_ARC = YES;
				CLANG_WARN_BLOCK_CAPTURE_AUTORELEASING = YES;
				CLANG_WARN_BOOL_CONVERSION = YES;
				CLANG_WARN_COMMA = YES;
				CLANG_WARN_CONSTANT_CONVERSION = YES;
				CLANG_WARN_DEPRECATED_OBJC_IMPLEMENTATIONS = YES;
				CLANG_WARN_DIRECT_OBJC_ISA_USAGE = YES_ERROR;
				CLANG_WARN_EMPTY_BODY = YES;
				CLANG_WARN_ENUM_CONVERSION = YES;
				CLANG_WARN_INFINITE_RECURSION = YES;
				CLANG_WARN_INT_CONVERSION = YES;
				CLANG_WARN_NON_LITERAL_NULL_CONVERSION = YES;
				CLANG_WARN_OBJC_IMPLICIT_RETAIN_SELF = YES;
				CLANG_WARN_OBJC_LITERAL_CONVERSION = YES;
				CLANG_WARN_OBJC_ROOT_CLASS = YES_ERROR;
				CLANG_WARN_QUOTED_INCLUDE_IN_FRAMEWORK_HEADER = YES;
				CLANG_WARN_RANGE_LOOP_ANALYSIS = YES;
				CLANG_WARN_STRICT_PROTOTYPES = YES;
				CLANG_WARN_SUSPICIOUS_MOVE = YES;
				CLANG_WARN_UNREACHABLE_CODE = YES;
				CLANG_WARN__DUPLICATE_METHOD_MATCH = YES;
				"CODE_SIGN_IDENTITY[sdk=iphoneos*]" = "iPhone Developer";
				COPY_PHASE_STRIP = NO;
				DEBUG_INFORMATION_FORMAT = "dwarf-with-dsym";
				ENABLE_NS_ASSERTIONS = NO;
				ENABLE_STRICT_OBJC_MSGSEND = YES;
				GCC_C_LANGUAGE_STANDARD = gnu99;
				GCC_NO_COMMON_BLOCKS = YES;
				GCC_WARN_64_TO_32_BIT_CONVERSION = YES;
				GCC_WARN_ABOUT_RETURN_TYPE = YES_ERROR;
				GCC_WARN_UNDECLARED_SELECTOR = YES;
				GCC_WARN_UNINITIALIZED_AUTOS = YES_AGGRESSIVE;
				GCC_WARN_UNUSED_FUNCTION = YES;
				GCC_WARN_UNUSED_VARIABLE = YES;
				IPHONEOS_DEPLOYMENT_TARGET = 12.0;
				MTL_ENABLE_DEBUG_INFO = NO;
				SDKROOT = iphoneos;
				SWIFT_OPTIMIZATION_LEVEL = "-Owholemodule";
				VALIDATE_PRODUCT = YES;
			};
			name = Release;
		};
		607FACF01AFB9204008FA782 /* Debug */ = {
			isa = XCBuildConfiguration;
			baseConfigurationReference = 0E2775160946DD51DBE08A86 /* Pods-JSWebp_Example.debug.xcconfig */;
			buildSettings = {
				ASSETCATALOG_COMPILER_APPICON_NAME = AppIcon;
				DEVELOPMENT_TEAM = SJM6GRJ299;
				INFOPLIST_FILE = JSWebp/Info.plist;
				LD_RUNPATH_SEARCH_PATHS = "$(inherited) @executable_path/Frameworks";
				MODULE_NAME = ExampleApp;
				PRODUCT_BUNDLE_IDENTIFIER = "org.cocoapods.demo.$(PRODUCT_NAME:rfc1034identifier)";
				PRODUCT_NAME = "$(TARGET_NAME)";
				SWIFT_OBJC_BRIDGING_HEADER = "$(SRCROOT)/JSWebp/JSWebp+Bridge+Header.h";
				SWIFT_SWIFT3_OBJC_INFERENCE = Default;
				SWIFT_VERSION = 4.0;
			};
			name = Debug;
		};
		607FACF11AFB9204008FA782 /* Release */ = {
			isa = XCBuildConfiguration;
			baseConfigurationReference = 1DDF4C4893ED7F8620B0547F /* Pods-JSWebp_Example.release.xcconfig */;
			buildSettings = {
				ASSETCATALOG_COMPILER_APPICON_NAME = AppIcon;
				DEVELOPMENT_TEAM = SJM6GRJ299;
				INFOPLIST_FILE = JSWebp/Info.plist;
				LD_RUNPATH_SEARCH_PATHS = "$(inherited) @executable_path/Frameworks";
				MODULE_NAME = ExampleApp;
				PRODUCT_BUNDLE_IDENTIFIER = "org.cocoapods.demo.$(PRODUCT_NAME:rfc1034identifier)";
				PRODUCT_NAME = "$(TARGET_NAME)";
				SWIFT_OBJC_BRIDGING_HEADER = "$(SRCROOT)/JSWebp/JSWebp+Bridge+Header.h";
				SWIFT_SWIFT3_OBJC_INFERENCE = Default;
				SWIFT_VERSION = 4.0;
			};
			name = Release;
		};
		607FACF31AFB9204008FA782 /* Debug */ = {
			isa = XCBuildConfiguration;
			baseConfigurationReference = B8A2C67CFFC38F288010815A /* Pods-JSWebp_Tests.debug.xcconfig */;
			buildSettings = {
				FRAMEWORK_SEARCH_PATHS = (
					"$(PLATFORM_DIR)/Developer/Library/Frameworks",
					"$(inherited)",
				);
				GCC_PREPROCESSOR_DEFINITIONS = (
					"DEBUG=1",
					"$(inherited)",
				);
				INFOPLIST_FILE = Tests/Info.plist;
				LD_RUNPATH_SEARCH_PATHS = "$(inherited) @executable_path/Frameworks @loader_path/Frameworks";
				PRODUCT_BUNDLE_IDENTIFIER = "org.cocoapods.$(PRODUCT_NAME:rfc1034identifier)";
				PRODUCT_NAME = "$(TARGET_NAME)";
				SWIFT_SWIFT3_OBJC_INFERENCE = Default;
				SWIFT_VERSION = 4.0;
				TEST_HOST = "$(BUILT_PRODUCTS_DIR)/JSWebp_Example.app/JSWebp_Example";
			};
			name = Debug;
		};
		607FACF41AFB9204008FA782 /* Release */ = {
			isa = XCBuildConfiguration;
			baseConfigurationReference = 8B93DFFBCCB3A56B0551AFBD /* Pods-JSWebp_Tests.release.xcconfig */;
			buildSettings = {
				FRAMEWORK_SEARCH_PATHS = (
					"$(PLATFORM_DIR)/Developer/Library/Frameworks",
					"$(inherited)",
				);
				INFOPLIST_FILE = Tests/Info.plist;
				LD_RUNPATH_SEARCH_PATHS = "$(inherited) @executable_path/Frameworks @loader_path/Frameworks";
				PRODUCT_BUNDLE_IDENTIFIER = "org.cocoapods.$(PRODUCT_NAME:rfc1034identifier)";
				PRODUCT_NAME = "$(TARGET_NAME)";
				SWIFT_SWIFT3_OBJC_INFERENCE = Default;
				SWIFT_VERSION = 4.0;
				TEST_HOST = "$(BUILT_PRODUCTS_DIR)/JSWebp_Example.app/JSWebp_Example";
			};
			name = Release;
		};
/* End XCBuildConfiguration section */

/* Begin XCConfigurationList section */
		607FACCB1AFB9204008FA782 /* Build configuration list for PBXProject "JSWebp" */ = {
			isa = XCConfigurationList;
			buildConfigurations = (
				607FACED1AFB9204008FA782 /* Debug */,
				607FACEE1AFB9204008FA782 /* Release */,
			);
			defaultConfigurationIsVisible = 0;
			defaultConfigurationName = Release;
		};
		607FACEF1AFB9204008FA782 /* Build configuration list for PBXNativeTarget "JSWebp_Example" */ = {
			isa = XCConfigurationList;
			buildConfigurations = (
				607FACF01AFB9204008FA782 /* Debug */,
				607FACF11AFB9204008FA782 /* Release */,
			);
			defaultConfigurationIsVisible = 0;
			defaultConfigurationName = Release;
		};
		607FACF21AFB9204008FA782 /* Build configuration list for PBXNativeTarget "JSWebp_Tests" */ = {
			isa = XCConfigurationList;
			buildConfigurations = (
				607FACF31AFB9204008FA782 /* Debug */,
				607FACF41AFB9204008FA782 /* Release */,
			);
			defaultConfigurationIsVisible = 0;
			defaultConfigurationName = Release;
		};
/* End XCConfigurationList section */
	};
	rootObject = 607FACC81AFB9204008FA782 /* Project object */;
}
